
Microsoft Visual Studio Solution File, Format Version 12.00
# Visual Studio Version 17
VisualStudioVersion = 17.5.002.0
MinimumVisualStudioVersion = 10.0.40219.1
Project("{9A19103F-16F7-4668-BE54-9A1E7A4F7556}") = "Proyecto", "Proyecto.csproj", "{6FA97827-EED1-4B51-B109-01B2100098FD}"
EndProject
Global
	GlobalSection(SolutionConfigurationPlatforms) = preSolution
		Debug|Any CPU = Debug|Any CPU
		Release|Any CPU = Release|Any CPU
	EndGlobalSection
	GlobalSection(ProjectConfigurationPlatforms) = postSolution
		{6FA97827-EED1-4B51-B109-01B2100098FD}.Debug|Any CPU.ActiveCfg = Debug|Any CPU
		{6FA97827-EED1-4B51-B109-01B2100098FD}.Debug|Any CPU.Build.0 = Debug|Any CPU
		{6FA97827-EED1-4B51-B109-01B2100098FD}.Release|Any CPU.ActiveCfg = Release|Any CPU
		{6FA97827-EED1-4B51-B109-01B2100098FD}.Release|Any CPU.Build.0 = Release|Any CPU
	EndGlobalSection
	GlobalSection(SolutionProperties) = preSolution
		HideSolutionNode = FALSE
	EndGlobalSection
	GlobalSection(ExtensibilityGlobals) = postSolution
		SolutionGuid = {7DBF4D04-BAFA-4D39-90FA-EF848DC39562}
	EndGlobalSection
EndGlobal
